// !$*UTF8*$!
{
	archiveVersion = 1;
	classes = {
	};
	objectVersion = 50;
	objects = {

/* Begin PBXBuildFile section */
		EB33B04C25ECB618000B5064 /* AppDelegate.swift in Sources */ = {isa = PBXBuildFile; fileRef = EB33B04B25ECB618000B5064 /* AppDelegate.swift */; };
		EB33B04E25ECB618000B5064 /* SceneDelegate.swift in Sources */ = {isa = PBXBuildFile; fileRef = EB33B04D25ECB618000B5064 /* SceneDelegate.swift */; };
		EB33B05025ECB618000B5064 /* CategoryViewController.swift in Sources */ = {isa = PBXBuildFile; fileRef = EB33B04F25ECB618000B5064 /* CategoryViewController.swift */; };
		EB33B05325ECB618000B5064 /* Main.storyboard in Resources */ = {isa = PBXBuildFile; fileRef = EB33B05125ECB618000B5064 /* Main.storyboard */; };
		EB33B05625ECB618000B5064 /* TodoListApp.xcdatamodeld in Sources */ = {isa = PBXBuildFile; fileRef = EB33B05425ECB618000B5064 /* TodoListApp.xcdatamodeld */; };
		EB33B05825ECB61A000B5064 /* Assets.xcassets in Resources */ = {isa = PBXBuildFile; fileRef = EB33B05725ECB61A000B5064 /* Assets.xcassets */; };
		EB33B05B25ECB61A000B5064 /* LaunchScreen.storyboard in Resources */ = {isa = PBXBuildFile; fileRef = EB33B05925ECB61A000B5064 /* LaunchScreen.storyboard */; };
		EB33B06325ECB8FA000B5064 /* ItemViewController.swift in Sources */ = {isa = PBXBuildFile; fileRef = EB33B06225ECB8FA000B5064 /* ItemViewController.swift */; };
/* End PBXBuildFile section */

/* Begin PBXFileReference section */
		EB33B04825ECB618000B5064 /* TodoListApp.app */ = {isa = PBXFileReference; explicitFileType = wrapper.application; includeInIndex = 0; path = TodoListApp.app; sourceTree = BUILT_PRODUCTS_DIR; };
		EB33B04B25ECB618000B5064 /* AppDelegate.swift */ = {isa = PBXFileReference; lastKnownFileType = sourcecode.swift; path = AppDelegate.swift; sourceTree = "<group>"; };
		EB33B04D25ECB618000B5064 /* SceneDelegate.swift */ = {isa = PBXFileReference; lastKnownFileType = sourcecode.swift; path = SceneDelegate.swift; sourceTree = "<group>"; };
		EB33B04F25ECB618000B5064 /* CategoryViewController.swift */ = {isa = PBXFileReference; lastKnownFileType = sourcecode.swift; path = CategoryViewController.swift; sourceTree = "<group>"; };
		EB33B05225ECB618000B5064 /* Base */ = {isa = PBXFileReference; lastKnownFileType = file.storyboard; name = Base; path = Base.lproj/Main.storyboard; sourceTree = "<group>"; };
		EB33B05525ECB618000B5064 /* TodoListApp.xcdatamodel */ = {isa = PBXFileReference; lastKnownFileType = wrapper.xcdatamodel; path = TodoListApp.xcdatamodel; sourceTree = "<group>"; };
		EB33B05725ECB61A000B5064 /* Assets.xcassets */ = {isa = PBXFileReference; lastKnownFileType = folder.assetcatalog; path = Assets.xcassets; sourceTree = "<group>"; };
		EB33B05A25ECB61A000B5064 /* Base */ = {isa = PBXFileReference; lastKnownFileType = file.storyboard; name = Base; path = Base.lproj/LaunchScreen.storyboard; sourceTree = "<group>"; };
		EB33B05C25ECB61A000B5064 /* Info.plist */ = {isa = PBXFileReference; lastKnownFileType = text.plist.xml; path = Info.plist; sourceTree = "<group>"; };
		EB33B06225ECB8FA000B5064 /* ItemViewController.swift */ = {isa = PBXFileReference; lastKnownFileType = sourcecode.swift; path = ItemViewController.swift; sourceTree = "<group>"; };
/* End PBXFileReference section */

/* Begin PBXFrameworksBuildPhase section */
		EB33B04525ECB618000B5064 /* Frameworks */ = {
			isa = PBXFrameworksBuildPhase;
			buildActionMask = 2147483647;
			files = (
			);
			runOnlyForDeploymentPostprocessing = 0;
		};
/* End PBXFrameworksBuildPhase section */

/* Begin PBXGroup section */
		EB33B03F25ECB618000B5064 = {
			isa = PBXGroup;
			children = (
				EB33B04A25ECB618000B5064 /* TodoListApp */,
				EB33B04925ECB618000B5064 /* Products */,
			);
			sourceTree = "<group>";
		};
		EB33B04925ECB618000B5064 /* Products */ = {
			isa = PBXGroup;
			children = (
				EB33B04825ECB618000B5064 /* TodoListApp.app */,
			);
			name = Products;
			sourceTree = "<group>";
		};
		EB33B04A25ECB618000B5064 /* TodoListApp */ = {
			isa = PBXGroup;
			children = (
				EB33B04B25ECB618000B5064 /* AppDelegate.swift */,
				EB33B04D25ECB618000B5064 /* SceneDelegate.swift */,
				EB33B04F25ECB618000B5064 /* CategoryViewController.swift */,
				EB33B06225ECB8FA000B5064 /* ItemViewController.swift */,
				EB33B05125ECB618000B5064 /* Main.storyboard */,
				EB33B05725ECB61A000B5064 /* Assets.xcassets */,
				EB33B05925ECB61A000B5064 /* LaunchScreen.storyboard */,
				EB33B05C25ECB61A000B5064 /* Info.plist */,
				EB33B05425ECB618000B5064 /* TodoListApp.xcdatamodeld */,
			);
			path = TodoListApp;
			sourceTree = "<group>";
		};
/* End PBXGroup section */

/* Begin PBXNativeTarget section */
		EB33B04725ECB618000B5064 /* TodoListApp */ = {
			isa = PBXNativeTarget;
			buildConfigurationList = EB33B05F25ECB61A000B5064 /* Build configuration list for PBXNativeTarget "TodoListApp" */;
			buildPhases = (
				EB33B04425ECB618000B5064 /* Sources */,
				EB33B04525ECB618000B5064 /* Frameworks */,
				EB33B04625ECB618000B5064 /* Resources */,
			);
			buildRules = (
			);
			dependencies = (
			);
			name = TodoListApp;
			productName = TodoListApp;
			productReference = EB33B04825ECB618000B5064 /* TodoListApp.app */;
			productType = "com.apple.product-type.application";
		};
/* End PBXNativeTarget section */

/* Begin PBXProject section */
		EB33B04025ECB618000B5064 /* Project object */ = {
			isa = PBXProject;
			attributes = {
				LastSwiftUpdateCheck = 1100;
				LastUpgradeCheck = 1100;
				ORGANIZATIONNAME = "Al-Amin";
				TargetAttributes = {
					EB33B04725ECB618000B5064 = {
						CreatedOnToolsVersion = 11.0;
					};
				};
			};
			buildConfigurationList = EB33B04325ECB618000B5064 /* Build configuration list for PBXProject "TodoListApp" */;
			compatibilityVersion = "Xcode 9.3";
			developmentRegion = en;
			hasScannedForEncodings = 0;
			knownRegions = (
				en,
				Base,
			);
			mainGroup = EB33B03F25ECB618000B5064;
			productRefGroup = EB33B04925ECB618000B5064 /* Products */;
			projectDirPath = "";
			projectRoot = "";
			targets = (
				EB33B04725ECB618000B5064 /* TodoListApp */,
			);
		};
/* End PBXProject section */

/* Begin PBXResourcesBuildPhase section */
		EB33B04625ECB618000B5064 /* Resources */ = {
			isa = PBXResourcesBuildPhase;
			buildActionMask = 2147483647;
			files = (
				EB33B05B25ECB61A000B5064 /* LaunchScreen.storyboard in Resources */,
				EB33B05825ECB61A000B5064 /* Assets.xcassets in Resources */,
				EB33B05325ECB618000B5064 /* Main.storyboard in Resources */,
			);
			runOnlyForDeploymentPostprocessing = 0;
		};
/* End PBXResourcesBuildPhase section */

/* Begin PBXSourcesBuildPhase section */
		EB33B04425ECB618000B5064 /* Sources */ = {
			isa = PBXSourcesBuildPhase;
			buildActionMask = 2147483647;
			files = (
				EB33B06325ECB8FA000B5064 /* ItemViewController.swift in Sources */,
				EB33B05025ECB618000B5064 /* CategoryViewController.swift in Sources */,
				EB33B04C25ECB618000B5064 /* AppDelegate.swift in Sources */,
				EB33B04E25ECB618000B5064 /* SceneDelegate.swift in Sources */,
				EB33B05625ECB618000B5064 /* TodoListApp.xcdatamodeld in Sources */,
			);
			runOnlyForDeploymentPostprocessing = 0;
		};
/* End PBXSourcesBuildPhase section */

/* Begin PBXVariantGroup section */
		EB33B05125ECB618000B5064 /* Main.storyboard */ = {
			isa = PBXVariantGroup;
			children = (
				EB33B05225ECB618000B5064 /* Base */,
			);
			name = Main.storyboard;
			sourceTree = "<group>";
		};
		EB33B05925ECB61A000B5064 /* LaunchScreen.storyboard */ = {
			isa = PBXVariantGroup;
			children = (
				EB33B05A25ECB61A000B5064 /* Base */,
			);
			name = LaunchScreen.storyboard;
			sourceTree = "<group>";
		};
/* End PBXVariantGroup section */

/* Begin XCBuildConfiguration section */
		EB33B05D25ECB61A000B5064 /* Debug */ = {
			isa = XCBuildConfiguration;
			buildSettings = {
				ALWAYS_SEARCH_USER_PATHS = NO;
				CLANG_ANALYZER_NONNULL = YES;
				CLANG_ANALYZER_NUMBER_OBJECT_CONVERSION = YES_AGGRESSIVE;
				CLANG_CXX_LANGUAGE_STANDARD = "gnu++14";
				CLANG_CXX_LIBRARY = "libc++";
				CLANG_ENABLE_MODULES = YES;
				CLANG_ENABLE_OBJC_ARC = YES;
				CLANG_ENABLE_OBJC_WEAK = YES;
				CLANG_WARN_BLOCK_CAPTURE_AUTORELEASING = YES;
				CLANG_WARN_BOOL_CONVERSION = YES;
				CLANG_WARN_COMMA = YES;
				CLANG_WARN_CONSTANT_CONVERSION = YES;
				CLANG_WARN_DEPRECATED_OBJC_IMPLEMENTATIONS = YES;
				CLANG_WARN_DIRECT_OBJC_ISA_USAGE = YES_ERROR;
				CLANG_WARN_DOCUMENTATION_COMMENTS = YES;
				CLANG_WARN_EMPTY_BODY = YES;
				CLANG_WARN_ENUM_CONVERSION = YES;
				CLANG_WARN_INFINITE_RECURSION = YES;
				CLANG_WARN_INT_CONVERSION = YES;
				CLANG_WARN_NON_LITERAL_NULL_CONVERSION = YES;
				CLANG_WARN_OBJC_IMPLICIT_RETAIN_SELF = YES;
				CLANG_WARN_OBJC_LITERAL_CONVERSION = YES;
				CLANG_WARN_OBJC_ROOT_CLASS = YES_ERROR;
				CLANG_WARN_RANGE_LOOP_ANALYSIS = YES;
				CLANG_WARN_STRICT_PROTOTYPES = YES;
				CLANG_WARN_SUSPICIOUS_MOVE = YES;
				CLANG_WARN_UNGUARDED_AVAILABILITY = YES_AGGRESSIVE;
				CLANG_WARN_UNREACHABLE_CODE = YES;
				CLANG_WARN__DUPLICATE_METHOD_MATCH = YES;
				COPY_PHASE_STRIP = NO;
				DEBUG_INFORMATION_FORMAT = dwarf;
				ENABLE_STRICT_OBJC_MSGSEND = YES;
				ENABLE_TESTABILITY = YES;
				GCC_C_LANGUAGE_STANDARD = gnu11;
				GCC_DYNAMIC_NO_PIC = NO;
				GCC_NO_COMMON_BLOCKS = YES;
				GCC_OPTIMIZATION_LEVEL = 0;
				GCC_PREPROCESSOR_DEFINITIONS = (
					"DEBUG=1",
					"$(inherited)",
				);
				GCC_WARN_64_TO_32_BIT_CONVERSION = YES;
				GCC_WARN_ABOUT_RETURN_TYPE = YES_ERROR;
				GCC_WARN_UNDECLARED_SELECTOR = YES;
				GCC_WARN_UNINITIALIZED_AUTOS = YES_AGGRESSIVE;
				GCC_WARN_UNUSED_FUNCTION = YES;
				GCC_WARN_UNUSED_VARIABLE = YES;
				IPHONEOS_DEPLOYMENT_TARGET = 13.0;
				MTL_ENABLE_DEBUG_INFO = INCLUDE_SOURCE;
				MTL_FAST_MATH = YES;
				ONLY_ACTIVE_ARCH = YES;
				SDKROOT = iphoneos;
				SWIFT_ACTIVE_COMPILATION_CONDITIONS = DEBUG;
				SWIFT_OPTIMIZATION_LEVEL = "-Onone";
			};
			name = Debug;
		};
		EB33B05E25ECB61A000B5064 /* Release */ = {
			isa = XCBuildConfiguration;
			buildSettings = {
				ALWAYS_SEARCH_USER_PATHS = NO;
				CLANG_ANALYZER_NONNULL = YES;
				CLANG_ANALYZER_NUMBER_OBJECT_CONVERSION = YES_AGGRESSIVE;
				CLANG_CXX_LANGUAGE_STANDARD = "gnu++14";
				CLANG_CXX_LIBRARY = "libc++";
				CLANG_ENABLE_MODULES = YES;
				CLANG_ENABLE_OBJC_ARC = YES;
				CLANG_ENABLE_OBJC_WEAK = YES;
				CLANG_WARN_BLOCK_CAPTURE_AUTORELEASING = YES;
				CLANG_WARN_BOOL_CONVERSION = YES;
				CLANG_WARN_COMMA = YES;
				CLANG_WARN_CONSTANT_CONVERSION = YES;
				CLANG_WARN_DEPRECATED_OBJC_IMPLEMENTATIONS = YES;
				CLANG_WARN_DIRECT_OBJC_ISA_USAGE = YES_ERROR;
				CLANG_WARN_DOCUMENTATION_COMMENTS = YES;
				CLANG_WARN_EMPTY_BODY = YES;
				CLANG_WARN_ENUM_CONVERSION = YES;
				CLANG_WARN_INFINITE_RECURSION = YES;
				CLANG_WARN_INT_CONVERSION = YES;
				CLANG_WARN_NON_LITERAL_NULL_CONVERSION = YES;
				CLANG_WARN_OBJC_IMPLICIT_RETAIN_SELF = YES;
				CLANG_WARN_OBJC_LITERAL_CONVERSION = YES;
				CLANG_WARN_OBJC_ROOT_CLASS = YES_ERROR;
				CLANG_WARN_RANGE_LOOP_ANALYSIS = YES;
				CLANG_WARN_STRICT_PROTOTYPES = YES;
				CLANG_WARN_SUSPICIOUS_MOVE = YES;
				CLANG_WARN_UNGUARDED_AVAILABILITY = YES_AGGRESSIVE;
				CLANG_WARN_UNREACHABLE_CODE = YES;
				CLANG_WARN__DUPLICATE_METHOD_MATCH = YES;
				COPY_PHASE_STRIP = NO;
				DEBUG_INFORMATION_FORMAT = "dwarf-with-dsym";
				ENABLE_NS_ASSERTIONS = NO;
				ENABLE_STRICT_OBJC_MSGSEND = YES;
				GCC_C_LANGUAGE_STANDARD = gnu11;
				GCC_NO_COMMON_BLOCKS = YES;
				GCC_WARN_64_TO_32_BIT_CONVERSION = YES;
				GCC_WARN_ABOUT_RETURN_TYPE = YES_ERROR;
				GCC_WARN_UNDECLARED_SELECTOR = YES;
				GCC_WARN_UNINITIALIZED_AUTOS = YES_AGGRESSIVE;
				GCC_WARN_UNUSED_FUNCTION = YES;
				GCC_WARN_UNUSED_VARIABLE = YES;
				IPHONEOS_DEPLOYMENT_TARGET = 13.0;
				MTL_ENABLE_DEBUG_INFO = NO;
				MTL_FAST_MATH = YES;
				SDKROOT = iphoneos;
				SWIFT_COMPILATION_MODE = wholemodule;
				SWIFT_OPTIMIZATION_LEVEL = "-O";
				VALIDATE_PRODUCT = YES;
			};
			name = Release;
		};
		EB33B06025ECB61A000B5064 /* Debug */ = {
			isa = XCBuildConfiguration;
			buildSettings = {
				ASSETCATALOG_COMPILER_APPICON_NAME = AppIcon;
				CODE_SIGN_STYLE = Automatic;
				DEVELOPMENT_TEAM = 5MR82B22C8;
				INFOPLIST_FILE = TodoListApp/Info.plist;
				LD_RUNPATH_SEARCH_PATHS = (
					"$(inherited)",
					"@executable_path/Frameworks",
				);
				PRODUCT_BUNDLE_IDENTIFIER = com.alamin39.TodoListApp;
				PRODUCT_NAME = "$(TARGET_NAME)";
				SWIFT_VERSION = 5.0;
				TARGETED_DEVICE_FAMILY = "1,2";
			};
			name = Debug;
		};
		EB33B06125ECB61A000B5064 /* Release */ = {
			isa = XCBuildConfiguration;
			buildSettings = {
				ASSETCATALOG_COMPILER_APPICON_NAME = AppIcon;
				CODE_SIGN_STYLE = Automatic;
				DEVELOPMENT_TEAM = 5MR82B22C8;
				INFOPLIST_FILE = TodoListApp/Info.plist;
				LD_RUNPATH_SEARCH_PATHS = (
					"$(inherited)",
					"@executable_path/Frameworks",
				);
				PRODUCT_BUNDLE_IDENTIFIER = com.alamin39.TodoListApp;
				PRODUCT_NAME = "$(TARGET_NAME)";
				SWIFT_VERSION = 5.0;
				TARGETED_DEVICE_FAMILY = "1,2";
			};
			name = Release;
		};
/* End XCBuildConfiguration section */

/* Begin XCConfigurationList section */
		EB33B04325ECB618000B5064 /* Build configuration list for PBXProject "TodoListApp" */ = {
			isa = XCConfigurationList;
			buildConfigurations = (
				EB33B05D25ECB61A000B5064 /* Debug */,
				EB33B05E25ECB61A000B5064 /* Release */,
			);
			defaultConfigurationIsVisible = 0;
			defaultConfigurationName = Release;
		};
		EB33B05F25ECB61A000B5064 /* Build configuration list for PBXNativeTarget "TodoListApp" */ = {
			isa = XCConfigurationList;
			buildConfigurations = (
				EB33B06025ECB61A000B5064 /* Debug */,
				EB33B06125ECB61A000B5064 /* Release */,
			);
			defaultConfigurationIsVisible = 0;
			defaultConfigurationName = Release;
		};
/* End XCConfigurationList section */

/* Begin XCVersionGroup section */
		EB33B05425ECB618000B5064 /* TodoListApp.xcdatamodeld */ = {
			isa = XCVersionGroup;
			children = (
				EB33B05525ECB618000B5064 /* TodoListApp.xcdatamodel */,
			);
			currentVersion = EB33B05525ECB618000B5064 /* TodoListApp.xcdatamodel */;
			path = TodoListApp.xcdatamodeld;
			sourceTree = "<group>";
			versionGroupType = wrapper.xcdatamodel;
		};
/* End XCVersionGroup section */
	};
	rootObject = EB33B04025ECB618000B5064 /* Project object */;
}
